
Microsoft Visual Studio Solution File, Format Version 12.00
# Visual Studio 14
VisualStudioVersion = 14.0.23107.0
MinimumVisualStudioVersion = 10.0.40219.1
Project("{FAE04EC0-301F-11D3-BF4B-00C04F79EFBC}") = "BinaryPasswords", "BinaryPasswords\BinaryPasswords.csproj", "{AB6A271E-1770-48C9-9924-E546BDFDED68}"
EndProject
Project("{FAE04EC0-301F-11D3-BF4B-00C04F79EFBC}") = "CountRabbits", "CountRabbits\CountRabbits.csproj", "{E87A8C0A-1401-4FB0-912B-ADD695A1779F}"
EndProject
Global
	GlobalSection(SolutionConfigurationPlatforms) = preSolution
		Debug|Any CPU = Debug|Any CPU
		Release|Any CPU = Release|Any CPU
	EndGlobalSection
	GlobalSection(ProjectConfigurationPlatforms) = postSolution
		{AB6A271E-1770-48C9-9924-E546BDFDED68}.Debug|Any CPU.ActiveCfg = Debug|Any CPU
		{AB6A271E-1770-48C9-9924-E546BDFDED68}.Debug|Any CPU.Build.0 = Debug|Any CPU
		{AB6A271E-1770-48C9-9924-E546BDFDED68}.Release|Any CPU.ActiveCfg = Release|Any CPU
		{AB6A271E-1770-48C9-9924-E546BDFDED68}.Release|Any CPU.Build.0 = Release|Any CPU
		{E87A8C0A-1401-4FB0-912B-ADD695A1779F}.Debug|Any CPU.ActiveCfg = Debug|Any CPU
		{E87A8C0A-1401-4FB0-912B-ADD695A1779F}.Debug|Any CPU.Build.0 = Debug|Any CPU
		{E87A8C0A-1401-4FB0-912B-ADD695A1779F}.Release|Any CPU.ActiveCfg = Release|Any CPU
		{E87A8C0A-1401-4FB0-912B-ADD695A1779F}.Release|Any CPU.Build.0 = Release|Any CPU
	EndGlobalSection
	GlobalSection(SolutionProperties) = preSolution
		HideSolutionNode = FALSE
	EndGlobalSection
EndGlobal
