
Microsoft Visual Studio Solution File, Format Version 12.00
# Visual Studio 14
VisualStudioVersion = 14.0.23107.0
MinimumVisualStudioVersion = 10.0.40219.1
Project("{FAE04EC0-301F-11D3-BF4B-00C04F79EFBC}") = "ShortestPath", "ConsoleApplication1\ShortestPath.csproj", "{45E5DFBF-FDC4-486A-B6F3-2AA0569D6E1B}"
EndProject
Project("{FAE04EC0-301F-11D3-BF4B-00C04F79EFBC}") = "Portals", "Portals\Portals.csproj", "{5484F310-44F4-455C-BFE7-D3573DE0155D}"
EndProject
Project("{FAE04EC0-301F-11D3-BF4B-00C04F79EFBC}") = "PortalsRecursion", "PortalsRecursion\PortalsRecursion.csproj", "{CA838488-BA3B-4CEB-B5FA-6E3CAD3F789B}"
EndProject
Project("{FAE04EC0-301F-11D3-BF4B-00C04F79EFBC}") = "OnlineMarket", "OnlineMarket\OnlineMarket.csproj", "{6FDC6F4B-D612-42C4-9178-17986A070825}"
EndProject
Global
	GlobalSection(SolutionConfigurationPlatforms) = preSolution
		Debug|Any CPU = Debug|Any CPU
		Release|Any CPU = Release|Any CPU
	EndGlobalSection
	GlobalSection(ProjectConfigurationPlatforms) = postSolution
		{45E5DFBF-FDC4-486A-B6F3-2AA0569D6E1B}.Debug|Any CPU.ActiveCfg = Debug|Any CPU
		{45E5DFBF-FDC4-486A-B6F3-2AA0569D6E1B}.Debug|Any CPU.Build.0 = Debug|Any CPU
		{45E5DFBF-FDC4-486A-B6F3-2AA0569D6E1B}.Release|Any CPU.ActiveCfg = Release|Any CPU
		{45E5DFBF-FDC4-486A-B6F3-2AA0569D6E1B}.Release|Any CPU.Build.0 = Release|Any CPU
		{5484F310-44F4-455C-BFE7-D3573DE0155D}.Debug|Any CPU.ActiveCfg = Debug|Any CPU
		{5484F310-44F4-455C-BFE7-D3573DE0155D}.Debug|Any CPU.Build.0 = Debug|Any CPU
		{5484F310-44F4-455C-BFE7-D3573DE0155D}.Release|Any CPU.ActiveCfg = Release|Any CPU
		{5484F310-44F4-455C-BFE7-D3573DE0155D}.Release|Any CPU.Build.0 = Release|Any CPU
		{CA838488-BA3B-4CEB-B5FA-6E3CAD3F789B}.Debug|Any CPU.ActiveCfg = Debug|Any CPU
		{CA838488-BA3B-4CEB-B5FA-6E3CAD3F789B}.Debug|Any CPU.Build.0 = Debug|Any CPU
		{CA838488-BA3B-4CEB-B5FA-6E3CAD3F789B}.Release|Any CPU.ActiveCfg = Release|Any CPU
		{CA838488-BA3B-4CEB-B5FA-6E3CAD3F789B}.Release|Any CPU.Build.0 = Release|Any CPU
		{6FDC6F4B-D612-42C4-9178-17986A070825}.Debug|Any CPU.ActiveCfg = Debug|Any CPU
		{6FDC6F4B-D612-42C4-9178-17986A070825}.Debug|Any CPU.Build.0 = Debug|Any CPU
		{6FDC6F4B-D612-42C4-9178-17986A070825}.Release|Any CPU.ActiveCfg = Release|Any CPU
		{6FDC6F4B-D612-42C4-9178-17986A070825}.Release|Any CPU.Build.0 = Release|Any CPU
	EndGlobalSection
	GlobalSection(SolutionProperties) = preSolution
		HideSolutionNode = FALSE
	EndGlobalSection
EndGlobal
