
Microsoft Visual Studio Solution File, Format Version 12.00
# Visual Studio 2013
VisualStudioVersion = 12.0.31101.0
MinimumVisualStudioVersion = 10.0.40219.1
Project("{FAE04EC0-301F-11D3-BF4B-00C04F79EFBC}") = "CSS-Styling-Exams-Solutions-Feb-2013-Variant-2", "CSS-Styling-Exams-Solutions-Feb-2013-Variant-2\CSS-Styling-Exams-Solutions-Feb-2013-Variant-2.csproj", "{B9C8BDD9-C999-4343-822E-A077F5F890A6}"
EndProject
Global
	GlobalSection(SolutionConfigurationPlatforms) = preSolution
		Debug|Any CPU = Debug|Any CPU
		Release|Any CPU = Release|Any CPU
	EndGlobalSection
	GlobalSection(ProjectConfigurationPlatforms) = postSolution
		{B9C8BDD9-C999-4343-822E-A077F5F890A6}.Debug|Any CPU.ActiveCfg = Debug|Any CPU
		{B9C8BDD9-C999-4343-822E-A077F5F890A6}.Debug|Any CPU.Build.0 = Debug|Any CPU
		{B9C8BDD9-C999-4343-822E-A077F5F890A6}.Release|Any CPU.ActiveCfg = Release|Any CPU
		{B9C8BDD9-C999-4343-822E-A077F5F890A6}.Release|Any CPU.Build.0 = Release|Any CPU
	EndGlobalSection
	GlobalSection(SolutionProperties) = preSolution
		HideSolutionNode = FALSE
	EndGlobalSection
EndGlobal
