
Microsoft Visual Studio Solution File, Format Version 12.00
# Visual Studio 2013
VisualStudioVersion = 12.0.31101.0
MinimumVisualStudioVersion = 10.0.40219.1
Project("{FAE04EC0-301F-11D3-BF4B-00C04F79EFBC}") = "Adapter", "Adapter\Adapter.csproj", "{9109555F-EAB4-4236-990D-C3A3CE5954D0}"
EndProject
Project("{FAE04EC0-301F-11D3-BF4B-00C04F79EFBC}") = "Decorator", "Decorator\Decorator.csproj", "{1E73B9E6-27F4-47DE-B5B1-C04CE59346E0}"
EndProject
Project("{FAE04EC0-301F-11D3-BF4B-00C04F79EFBC}") = "Facade", "Facade\Facade.csproj", "{5A0AE9B2-96B1-4413-BF5F-03DDA829CB46}"
EndProject
Global
	GlobalSection(SolutionConfigurationPlatforms) = preSolution
		Debug|Any CPU = Debug|Any CPU
		Release|Any CPU = Release|Any CPU
	EndGlobalSection
	GlobalSection(ProjectConfigurationPlatforms) = postSolution
		{9109555F-EAB4-4236-990D-C3A3CE5954D0}.Debug|Any CPU.ActiveCfg = Debug|Any CPU
		{9109555F-EAB4-4236-990D-C3A3CE5954D0}.Debug|Any CPU.Build.0 = Debug|Any CPU
		{9109555F-EAB4-4236-990D-C3A3CE5954D0}.Release|Any CPU.ActiveCfg = Release|Any CPU
		{9109555F-EAB4-4236-990D-C3A3CE5954D0}.Release|Any CPU.Build.0 = Release|Any CPU
		{1E73B9E6-27F4-47DE-B5B1-C04CE59346E0}.Debug|Any CPU.ActiveCfg = Debug|Any CPU
		{1E73B9E6-27F4-47DE-B5B1-C04CE59346E0}.Debug|Any CPU.Build.0 = Debug|Any CPU
		{1E73B9E6-27F4-47DE-B5B1-C04CE59346E0}.Release|Any CPU.ActiveCfg = Release|Any CPU
		{1E73B9E6-27F4-47DE-B5B1-C04CE59346E0}.Release|Any CPU.Build.0 = Release|Any CPU
		{5A0AE9B2-96B1-4413-BF5F-03DDA829CB46}.Debug|Any CPU.ActiveCfg = Debug|Any CPU
		{5A0AE9B2-96B1-4413-BF5F-03DDA829CB46}.Debug|Any CPU.Build.0 = Debug|Any CPU
		{5A0AE9B2-96B1-4413-BF5F-03DDA829CB46}.Release|Any CPU.ActiveCfg = Release|Any CPU
		{5A0AE9B2-96B1-4413-BF5F-03DDA829CB46}.Release|Any CPU.Build.0 = Release|Any CPU
	EndGlobalSection
	GlobalSection(SolutionProperties) = preSolution
		HideSolutionNode = FALSE
	EndGlobalSection
EndGlobal
