
Microsoft Visual Studio Solution File, Format Version 12.00
# Visual Studio 2013
VisualStudioVersion = 12.0.31101.0
MinimumVisualStudioVersion = 10.0.40219.1
Project("{FAE04EC0-301F-11D3-BF4B-00C04F79EFBC}") = "Students", "Students\Students.csproj", "{B6D78DC8-3325-4468-BDFB-5C3EE0C0827E}"
EndProject
Project("{FAE04EC0-301F-11D3-BF4B-00C04F79EFBC}") = "Person", "Person\Person.csproj", "{54B6EF46-A9BC-4B07-86B4-FBCB6C3CF3E4}"
EndProject
Project("{FAE04EC0-301F-11D3-BF4B-00C04F79EFBC}") = "BitArray", "BitArray\BitArray.csproj", "{594B70CD-83C5-464D-A4F4-BAABE60B5873}"
EndProject
Global
	GlobalSection(SolutionConfigurationPlatforms) = preSolution
		Debug|Any CPU = Debug|Any CPU
		Release|Any CPU = Release|Any CPU
	EndGlobalSection
	GlobalSection(ProjectConfigurationPlatforms) = postSolution
		{B6D78DC8-3325-4468-BDFB-5C3EE0C0827E}.Debug|Any CPU.ActiveCfg = Debug|Any CPU
		{B6D78DC8-3325-4468-BDFB-5C3EE0C0827E}.Debug|Any CPU.Build.0 = Debug|Any CPU
		{B6D78DC8-3325-4468-BDFB-5C3EE0C0827E}.Release|Any CPU.ActiveCfg = Release|Any CPU
		{B6D78DC8-3325-4468-BDFB-5C3EE0C0827E}.Release|Any CPU.Build.0 = Release|Any CPU
		{54B6EF46-A9BC-4B07-86B4-FBCB6C3CF3E4}.Debug|Any CPU.ActiveCfg = Debug|Any CPU
		{54B6EF46-A9BC-4B07-86B4-FBCB6C3CF3E4}.Debug|Any CPU.Build.0 = Debug|Any CPU
		{54B6EF46-A9BC-4B07-86B4-FBCB6C3CF3E4}.Release|Any CPU.ActiveCfg = Release|Any CPU
		{54B6EF46-A9BC-4B07-86B4-FBCB6C3CF3E4}.Release|Any CPU.Build.0 = Release|Any CPU
		{594B70CD-83C5-464D-A4F4-BAABE60B5873}.Debug|Any CPU.ActiveCfg = Debug|Any CPU
		{594B70CD-83C5-464D-A4F4-BAABE60B5873}.Debug|Any CPU.Build.0 = Debug|Any CPU
		{594B70CD-83C5-464D-A4F4-BAABE60B5873}.Release|Any CPU.ActiveCfg = Release|Any CPU
		{594B70CD-83C5-464D-A4F4-BAABE60B5873}.Release|Any CPU.Build.0 = Release|Any CPU
	EndGlobalSection
	GlobalSection(SolutionProperties) = preSolution
		HideSolutionNode = FALSE
	EndGlobalSection
EndGlobal
