
Microsoft Visual Studio Solution File, Format Version 12.00
# Visual Studio 2013
VisualStudioVersion = 12.0.31101.0
MinimumVisualStudioVersion = 10.0.40219.1
Project("{FAE04EC0-301F-11D3-BF4B-00C04F79EFBC}") = "Task1", "Task1\Task1.csproj", "{AE42CE47-04F1-4C25-ADC1-E83E7E1B07EE}"
EndProject
Project("{FAE04EC0-301F-11D3-BF4B-00C04F79EFBC}") = "Task3", "Task3\Task3.csproj", "{4398E4F1-EC27-46D2-9E8D-E694A1D8B508}"
EndProject
Global
	GlobalSection(SolutionConfigurationPlatforms) = preSolution
		Debug|Any CPU = Debug|Any CPU
		Release|Any CPU = Release|Any CPU
	EndGlobalSection
	GlobalSection(ProjectConfigurationPlatforms) = postSolution
		{AE42CE47-04F1-4C25-ADC1-E83E7E1B07EE}.Debug|Any CPU.ActiveCfg = Debug|Any CPU
		{AE42CE47-04F1-4C25-ADC1-E83E7E1B07EE}.Debug|Any CPU.Build.0 = Debug|Any CPU
		{AE42CE47-04F1-4C25-ADC1-E83E7E1B07EE}.Release|Any CPU.ActiveCfg = Release|Any CPU
		{AE42CE47-04F1-4C25-ADC1-E83E7E1B07EE}.Release|Any CPU.Build.0 = Release|Any CPU
		{4398E4F1-EC27-46D2-9E8D-E694A1D8B508}.Debug|Any CPU.ActiveCfg = Debug|Any CPU
		{4398E4F1-EC27-46D2-9E8D-E694A1D8B508}.Debug|Any CPU.Build.0 = Debug|Any CPU
		{4398E4F1-EC27-46D2-9E8D-E694A1D8B508}.Release|Any CPU.ActiveCfg = Release|Any CPU
		{4398E4F1-EC27-46D2-9E8D-E694A1D8B508}.Release|Any CPU.Build.0 = Release|Any CPU
	EndGlobalSection
	GlobalSection(SolutionProperties) = preSolution
		HideSolutionNode = FALSE
	EndGlobalSection
EndGlobal
