
Microsoft Visual Studio Solution File, Format Version 12.00
# Visual Studio 2013
VisualStudioVersion = 12.0.31101.0
MinimumVisualStudioVersion = 10.0.40219.1
Project("{FAE04EC0-301F-11D3-BF4B-00C04F79EFBC}") = "Task1", "Task1\Task1.csproj", "{72A72754-EB93-4FE6-AA92-939E3818D52D}"
EndProject
Project("{FAE04EC0-301F-11D3-BF4B-00C04F79EFBC}") = "Task2", "Task2\Task2.csproj", "{5BE34D0E-980D-457F-A927-E893589731EE}"
EndProject
Global
	GlobalSection(SolutionConfigurationPlatforms) = preSolution
		Debug|Any CPU = Debug|Any CPU
		Release|Any CPU = Release|Any CPU
	EndGlobalSection
	GlobalSection(ProjectConfigurationPlatforms) = postSolution
		{72A72754-EB93-4FE6-AA92-939E3818D52D}.Debug|Any CPU.ActiveCfg = Debug|Any CPU
		{72A72754-EB93-4FE6-AA92-939E3818D52D}.Debug|Any CPU.Build.0 = Debug|Any CPU
		{72A72754-EB93-4FE6-AA92-939E3818D52D}.Release|Any CPU.ActiveCfg = Release|Any CPU
		{72A72754-EB93-4FE6-AA92-939E3818D52D}.Release|Any CPU.Build.0 = Release|Any CPU
		{5BE34D0E-980D-457F-A927-E893589731EE}.Debug|Any CPU.ActiveCfg = Debug|Any CPU
		{5BE34D0E-980D-457F-A927-E893589731EE}.Debug|Any CPU.Build.0 = Debug|Any CPU
		{5BE34D0E-980D-457F-A927-E893589731EE}.Release|Any CPU.ActiveCfg = Release|Any CPU
		{5BE34D0E-980D-457F-A927-E893589731EE}.Release|Any CPU.Build.0 = Release|Any CPU
	EndGlobalSection
	GlobalSection(SolutionProperties) = preSolution
		HideSolutionNode = FALSE
	EndGlobalSection
EndGlobal
