
Microsoft Visual Studio Solution File, Format Version 12.00
# Visual Studio 2013
VisualStudioVersion = 12.0.31101.0
MinimumVisualStudioVersion = 10.0.40219.1
Project("{FAE04EC0-301F-11D3-BF4B-00C04F79EFBC}") = "1.RunnersHomePage", "1.RunnersHomePage\1.RunnersHomePage.csproj", "{06FF2F23-DF93-4EA1-A272-B1B12DCB4AA9}"
EndProject
Project("{FAE04EC0-301F-11D3-BF4B-00C04F79EFBC}") = "2.NestedLists", "2.NestedLists\2.NestedLists.csproj", "{D7BBD858-B7CD-4A00-8EDE-C4E9F7A518E0}"
EndProject
Project("{FAE04EC0-301F-11D3-BF4B-00C04F79EFBC}") = "3.SocialSite", "3.SocialSite\3.SocialSite.csproj", "{79EDF3AB-666D-491B-9403-DBF4869AB5CF}"
EndProject
Global
	GlobalSection(SolutionConfigurationPlatforms) = preSolution
		Debug|Any CPU = Debug|Any CPU
		Release|Any CPU = Release|Any CPU
	EndGlobalSection
	GlobalSection(ProjectConfigurationPlatforms) = postSolution
		{06FF2F23-DF93-4EA1-A272-B1B12DCB4AA9}.Debug|Any CPU.ActiveCfg = Debug|Any CPU
		{06FF2F23-DF93-4EA1-A272-B1B12DCB4AA9}.Debug|Any CPU.Build.0 = Debug|Any CPU
		{06FF2F23-DF93-4EA1-A272-B1B12DCB4AA9}.Release|Any CPU.ActiveCfg = Release|Any CPU
		{06FF2F23-DF93-4EA1-A272-B1B12DCB4AA9}.Release|Any CPU.Build.0 = Release|Any CPU
		{D7BBD858-B7CD-4A00-8EDE-C4E9F7A518E0}.Debug|Any CPU.ActiveCfg = Debug|Any CPU
		{D7BBD858-B7CD-4A00-8EDE-C4E9F7A518E0}.Debug|Any CPU.Build.0 = Debug|Any CPU
		{D7BBD858-B7CD-4A00-8EDE-C4E9F7A518E0}.Release|Any CPU.ActiveCfg = Release|Any CPU
		{D7BBD858-B7CD-4A00-8EDE-C4E9F7A518E0}.Release|Any CPU.Build.0 = Release|Any CPU
		{79EDF3AB-666D-491B-9403-DBF4869AB5CF}.Debug|Any CPU.ActiveCfg = Debug|Any CPU
		{79EDF3AB-666D-491B-9403-DBF4869AB5CF}.Debug|Any CPU.Build.0 = Debug|Any CPU
		{79EDF3AB-666D-491B-9403-DBF4869AB5CF}.Release|Any CPU.ActiveCfg = Release|Any CPU
		{79EDF3AB-666D-491B-9403-DBF4869AB5CF}.Release|Any CPU.Build.0 = Release|Any CPU
	EndGlobalSection
	GlobalSection(SolutionProperties) = preSolution
		HideSolutionNode = FALSE
	EndGlobalSection
EndGlobal
