
Microsoft Visual Studio Solution File, Format Version 12.00
# Visual Studio 2013
VisualStudioVersion = 12.0.31101.0
MinimumVisualStudioVersion = 10.0.40219.1
Project("{FAE04EC0-301F-11D3-BF4B-00C04F79EFBC}") = "DeclarationOfVariables", "DeclarationOfVariables\DeclarationOfVariables.csproj", "{24421544-6680-4703-B187-E87907A7B798}"
EndProject
Project("{FAE04EC0-301F-11D3-BF4B-00C04F79EFBC}") = "FloatOrDouble", "FloatOrDouble\FloatOrDouble.csproj", "{4E304BB6-964B-48A6-9EAF-79922656E37D}"
EndProject
Project("{FAE04EC0-301F-11D3-BF4B-00C04F79EFBC}") = "VariableInHexadecimalFormat", "VariableInHexadecimalFormat\VariableInHexadecimalFormat.csproj", "{20668D7B-75FA-4CCA-9FA8-E28C03540402}"
EndProject
Project("{FAE04EC0-301F-11D3-BF4B-00C04F79EFBC}") = "UnicodeCharacter", "UnicodeCharacter\UnicodeCharacter.csproj", "{A99C1E0A-5212-4BCC-9F2B-F18749159571}"
EndProject
Project("{FAE04EC0-301F-11D3-BF4B-00C04F79EFBC}") = "BooleanVariable", "BooleanVariable\BooleanVariable.csproj", "{5A7B76A0-DE83-4DB6-9662-447214D85EB9}"
EndProject
Project("{FAE04EC0-301F-11D3-BF4B-00C04F79EFBC}") = "StringAndObject", "StringAndObject\StringAndObject.csproj", "{5603D966-D3B4-48DB-A78A-377C8D7D30F9}"
EndProject
Project("{FAE04EC0-301F-11D3-BF4B-00C04F79EFBC}") = "QuotesInString", "QuotesInString\QuotesInString.csproj", "{346AA35F-C6DB-4950-8C0C-CF1929320FF4}"
EndProject
Project("{FAE04EC0-301F-11D3-BF4B-00C04F79EFBC}") = "IsoscelesTriangle", "IsoscelesTriangle\IsoscelesTriangle.csproj", "{2CF60ABB-9680-4047-9741-D29FF8810DE5}"
EndProject
Project("{FAE04EC0-301F-11D3-BF4B-00C04F79EFBC}") = "ExchangeVariableValues", "ExchangeVariableValues\ExchangeVariableValues.csproj", "{3701C4AA-099B-4458-8087-7257049D9EA2}"
EndProject
Project("{FAE04EC0-301F-11D3-BF4B-00C04F79EFBC}") = "NullValuesArithmetic", "NullValuesArithmetic\NullValuesArithmetic.csproj", "{4447FB08-787D-4C28-BE22-21392B455144}"
EndProject
Project("{FAE04EC0-301F-11D3-BF4B-00C04F79EFBC}") = "BankAccount", "BankAccount\BankAccount.csproj", "{4B86C9ED-56E4-483C-AACB-9417FDB536A7}"
EndProject
Project("{FAE04EC0-301F-11D3-BF4B-00C04F79EFBC}") = "EmployeeData", "EmployeeData\EmployeeData.csproj", "{CFDBD0E2-64DB-416C-8BD5-DE85E2222228}"
EndProject
Project("{FAE04EC0-301F-11D3-BF4B-00C04F79EFBC}") = "PrintASCIITable", "PrintASCIITable\PrintASCIITable.csproj", "{46BA6F8A-097D-457D-A4CA-5A909CFFA378}"
EndProject
Project("{FAE04EC0-301F-11D3-BF4B-00C04F79EFBC}") = "ComparingFloats", "ComparingFloats\ComparingFloats.csproj", "{D231DF5E-152F-48AD-A594-2145DA1FC247}"
EndProject
Global
	GlobalSection(SolutionConfigurationPlatforms) = preSolution
		Debug|Any CPU = Debug|Any CPU
		Release|Any CPU = Release|Any CPU
	EndGlobalSection
	GlobalSection(ProjectConfigurationPlatforms) = postSolution
		{24421544-6680-4703-B187-E87907A7B798}.Debug|Any CPU.ActiveCfg = Debug|Any CPU
		{24421544-6680-4703-B187-E87907A7B798}.Debug|Any CPU.Build.0 = Debug|Any CPU
		{24421544-6680-4703-B187-E87907A7B798}.Release|Any CPU.ActiveCfg = Release|Any CPU
		{24421544-6680-4703-B187-E87907A7B798}.Release|Any CPU.Build.0 = Release|Any CPU
		{4E304BB6-964B-48A6-9EAF-79922656E37D}.Debug|Any CPU.ActiveCfg = Debug|Any CPU
		{4E304BB6-964B-48A6-9EAF-79922656E37D}.Debug|Any CPU.Build.0 = Debug|Any CPU
		{4E304BB6-964B-48A6-9EAF-79922656E37D}.Release|Any CPU.ActiveCfg = Release|Any CPU
		{4E304BB6-964B-48A6-9EAF-79922656E37D}.Release|Any CPU.Build.0 = Release|Any CPU
		{20668D7B-75FA-4CCA-9FA8-E28C03540402}.Debug|Any CPU.ActiveCfg = Debug|Any CPU
		{20668D7B-75FA-4CCA-9FA8-E28C03540402}.Debug|Any CPU.Build.0 = Debug|Any CPU
		{20668D7B-75FA-4CCA-9FA8-E28C03540402}.Release|Any CPU.ActiveCfg = Release|Any CPU
		{20668D7B-75FA-4CCA-9FA8-E28C03540402}.Release|Any CPU.Build.0 = Release|Any CPU
		{A99C1E0A-5212-4BCC-9F2B-F18749159571}.Debug|Any CPU.ActiveCfg = Debug|Any CPU
		{A99C1E0A-5212-4BCC-9F2B-F18749159571}.Debug|Any CPU.Build.0 = Debug|Any CPU
		{A99C1E0A-5212-4BCC-9F2B-F18749159571}.Release|Any CPU.ActiveCfg = Release|Any CPU
		{A99C1E0A-5212-4BCC-9F2B-F18749159571}.Release|Any CPU.Build.0 = Release|Any CPU
		{5A7B76A0-DE83-4DB6-9662-447214D85EB9}.Debug|Any CPU.ActiveCfg = Debug|Any CPU
		{5A7B76A0-DE83-4DB6-9662-447214D85EB9}.Debug|Any CPU.Build.0 = Debug|Any CPU
		{5A7B76A0-DE83-4DB6-9662-447214D85EB9}.Release|Any CPU.ActiveCfg = Release|Any CPU
		{5A7B76A0-DE83-4DB6-9662-447214D85EB9}.Release|Any CPU.Build.0 = Release|Any CPU
		{5603D966-D3B4-48DB-A78A-377C8D7D30F9}.Debug|Any CPU.ActiveCfg = Debug|Any CPU
		{5603D966-D3B4-48DB-A78A-377C8D7D30F9}.Debug|Any CPU.Build.0 = Debug|Any CPU
		{5603D966-D3B4-48DB-A78A-377C8D7D30F9}.Release|Any CPU.ActiveCfg = Release|Any CPU
		{5603D966-D3B4-48DB-A78A-377C8D7D30F9}.Release|Any CPU.Build.0 = Release|Any CPU
		{346AA35F-C6DB-4950-8C0C-CF1929320FF4}.Debug|Any CPU.ActiveCfg = Debug|Any CPU
		{346AA35F-C6DB-4950-8C0C-CF1929320FF4}.Debug|Any CPU.Build.0 = Debug|Any CPU
		{346AA35F-C6DB-4950-8C0C-CF1929320FF4}.Release|Any CPU.ActiveCfg = Release|Any CPU
		{346AA35F-C6DB-4950-8C0C-CF1929320FF4}.Release|Any CPU.Build.0 = Release|Any CPU
		{2CF60ABB-9680-4047-9741-D29FF8810DE5}.Debug|Any CPU.ActiveCfg = Debug|Any CPU
		{2CF60ABB-9680-4047-9741-D29FF8810DE5}.Debug|Any CPU.Build.0 = Debug|Any CPU
		{2CF60ABB-9680-4047-9741-D29FF8810DE5}.Release|Any CPU.ActiveCfg = Release|Any CPU
		{2CF60ABB-9680-4047-9741-D29FF8810DE5}.Release|Any CPU.Build.0 = Release|Any CPU
		{3701C4AA-099B-4458-8087-7257049D9EA2}.Debug|Any CPU.ActiveCfg = Debug|Any CPU
		{3701C4AA-099B-4458-8087-7257049D9EA2}.Debug|Any CPU.Build.0 = Debug|Any CPU
		{3701C4AA-099B-4458-8087-7257049D9EA2}.Release|Any CPU.ActiveCfg = Release|Any CPU
		{3701C4AA-099B-4458-8087-7257049D9EA2}.Release|Any CPU.Build.0 = Release|Any CPU
		{4447FB08-787D-4C28-BE22-21392B455144}.Debug|Any CPU.ActiveCfg = Debug|Any CPU
		{4447FB08-787D-4C28-BE22-21392B455144}.Debug|Any CPU.Build.0 = Debug|Any CPU
		{4447FB08-787D-4C28-BE22-21392B455144}.Release|Any CPU.ActiveCfg = Release|Any CPU
		{4447FB08-787D-4C28-BE22-21392B455144}.Release|Any CPU.Build.0 = Release|Any CPU
		{4B86C9ED-56E4-483C-AACB-9417FDB536A7}.Debug|Any CPU.ActiveCfg = Debug|Any CPU
		{4B86C9ED-56E4-483C-AACB-9417FDB536A7}.Debug|Any CPU.Build.0 = Debug|Any CPU
		{4B86C9ED-56E4-483C-AACB-9417FDB536A7}.Release|Any CPU.ActiveCfg = Release|Any CPU
		{4B86C9ED-56E4-483C-AACB-9417FDB536A7}.Release|Any CPU.Build.0 = Release|Any CPU
		{CFDBD0E2-64DB-416C-8BD5-DE85E2222228}.Debug|Any CPU.ActiveCfg = Debug|Any CPU
		{CFDBD0E2-64DB-416C-8BD5-DE85E2222228}.Debug|Any CPU.Build.0 = Debug|Any CPU
		{CFDBD0E2-64DB-416C-8BD5-DE85E2222228}.Release|Any CPU.ActiveCfg = Release|Any CPU
		{CFDBD0E2-64DB-416C-8BD5-DE85E2222228}.Release|Any CPU.Build.0 = Release|Any CPU
		{46BA6F8A-097D-457D-A4CA-5A909CFFA378}.Debug|Any CPU.ActiveCfg = Debug|Any CPU
		{46BA6F8A-097D-457D-A4CA-5A909CFFA378}.Debug|Any CPU.Build.0 = Debug|Any CPU
		{46BA6F8A-097D-457D-A4CA-5A909CFFA378}.Release|Any CPU.ActiveCfg = Release|Any CPU
		{46BA6F8A-097D-457D-A4CA-5A909CFFA378}.Release|Any CPU.Build.0 = Release|Any CPU
		{D231DF5E-152F-48AD-A594-2145DA1FC247}.Debug|Any CPU.ActiveCfg = Debug|Any CPU
		{D231DF5E-152F-48AD-A594-2145DA1FC247}.Debug|Any CPU.Build.0 = Debug|Any CPU
		{D231DF5E-152F-48AD-A594-2145DA1FC247}.Release|Any CPU.ActiveCfg = Release|Any CPU
		{D231DF5E-152F-48AD-A594-2145DA1FC247}.Release|Any CPU.Build.0 = Release|Any CPU
	EndGlobalSection
	GlobalSection(SolutionProperties) = preSolution
		HideSolutionNode = FALSE
	EndGlobalSection
EndGlobal
