
Microsoft Visual Studio Solution File, Format Version 12.00
# Visual Studio 14
VisualStudioVersion = 14.0.24720.0
MinimumVisualStudioVersion = 10.0.40219.1
Project("{FAE04EC0-301F-11D3-BF4B-00C04F79EFBC}") = "Calculator", "Calculator\Calculator.csproj", "{8CF91BCC-15B4-4097-BDA5-AA8DBE5778DE}"
EndProject
Project("{FAE04EC0-301F-11D3-BF4B-00C04F79EFBC}") = "SimpleInformationalSystem", "SimpleInformationalSystem\SimpleInformationalSystem.csproj", "{DA3E7F1D-0B19-4CFF-B2FE-E23FC071D10A}"
EndProject
Global
	GlobalSection(SolutionConfigurationPlatforms) = preSolution
		Debug|Any CPU = Debug|Any CPU
		Release|Any CPU = Release|Any CPU
	EndGlobalSection
	GlobalSection(ProjectConfigurationPlatforms) = postSolution
		{8CF91BCC-15B4-4097-BDA5-AA8DBE5778DE}.Debug|Any CPU.ActiveCfg = Debug|Any CPU
		{8CF91BCC-15B4-4097-BDA5-AA8DBE5778DE}.Debug|Any CPU.Build.0 = Debug|Any CPU
		{8CF91BCC-15B4-4097-BDA5-AA8DBE5778DE}.Release|Any CPU.ActiveCfg = Release|Any CPU
		{8CF91BCC-15B4-4097-BDA5-AA8DBE5778DE}.Release|Any CPU.Build.0 = Release|Any CPU
		{DA3E7F1D-0B19-4CFF-B2FE-E23FC071D10A}.Debug|Any CPU.ActiveCfg = Debug|Any CPU
		{DA3E7F1D-0B19-4CFF-B2FE-E23FC071D10A}.Debug|Any CPU.Build.0 = Debug|Any CPU
		{DA3E7F1D-0B19-4CFF-B2FE-E23FC071D10A}.Release|Any CPU.ActiveCfg = Release|Any CPU
		{DA3E7F1D-0B19-4CFF-B2FE-E23FC071D10A}.Release|Any CPU.Build.0 = Release|Any CPU
	EndGlobalSection
	GlobalSection(SolutionProperties) = preSolution
		HideSolutionNode = FALSE
	EndGlobalSection
EndGlobal
