
Microsoft Visual Studio Solution File, Format Version 12.00
# Visual Studio 2013
VisualStudioVersion = 12.0.31101.0
MinimumVisualStudioVersion = 10.0.40219.1
Project("{FAE04EC0-301F-11D3-BF4B-00C04F79EFBC}") = "StrategyPattern", "StrategyPattern\StrategyPattern.csproj", "{DD2E0F25-0C7A-4373-8389-42EAA2F674D9}"
EndProject
Project("{FAE04EC0-301F-11D3-BF4B-00C04F79EFBC}") = "VisitorPattern", "VisitorPattern\VisitorPattern.csproj", "{AB43F403-4958-417B-A595-58197C171C96}"
EndProject
Global
	GlobalSection(SolutionConfigurationPlatforms) = preSolution
		Debug|Any CPU = Debug|Any CPU
		Release|Any CPU = Release|Any CPU
	EndGlobalSection
	GlobalSection(ProjectConfigurationPlatforms) = postSolution
		{DD2E0F25-0C7A-4373-8389-42EAA2F674D9}.Debug|Any CPU.ActiveCfg = Debug|Any CPU
		{DD2E0F25-0C7A-4373-8389-42EAA2F674D9}.Debug|Any CPU.Build.0 = Debug|Any CPU
		{DD2E0F25-0C7A-4373-8389-42EAA2F674D9}.Release|Any CPU.ActiveCfg = Release|Any CPU
		{DD2E0F25-0C7A-4373-8389-42EAA2F674D9}.Release|Any CPU.Build.0 = Release|Any CPU
		{AB43F403-4958-417B-A595-58197C171C96}.Debug|Any CPU.ActiveCfg = Debug|Any CPU
		{AB43F403-4958-417B-A595-58197C171C96}.Debug|Any CPU.Build.0 = Debug|Any CPU
		{AB43F403-4958-417B-A595-58197C171C96}.Release|Any CPU.ActiveCfg = Release|Any CPU
		{AB43F403-4958-417B-A595-58197C171C96}.Release|Any CPU.Build.0 = Release|Any CPU
	EndGlobalSection
	GlobalSection(SolutionProperties) = preSolution
		HideSolutionNode = FALSE
	EndGlobalSection
EndGlobal
